
Microsoft Visual Studio Solution File, Format Version 12.00
# Visual Studio Version 17
VisualStudioVersion = 17.4.33205.214
MinimumVisualStudioVersion = 10.0.40219.1
Project("{FAE04EC0-301F-11D3-BF4B-00C04F79EFBC}") = "DeleteButton", "DeleteButton\DeleteButton.csproj", "{161FAD2F-0199-4B40-9B2A-ACC9996BF9DD}"
EndProject
Global
	GlobalSection(SolutionConfigurationPlatforms) = preSolution
		Debug|Any CPU = Debug|Any CPU
		Release|Any CPU = Release|Any CPU
	EndGlobalSection
	GlobalSection(ProjectConfigurationPlatforms) = postSolution
		{161FAD2F-0199-4B40-9B2A-ACC9996BF9DD}.Debug|Any CPU.ActiveCfg = Debug|Any CPU
		{161FAD2F-0199-4B40-9B2A-ACC9996BF9DD}.Debug|Any CPU.Build.0 = Debug|Any CPU
		{161FAD2F-0199-4B40-9B2A-ACC9996BF9DD}.Release|Any CPU.ActiveCfg = Release|Any CPU
		{161FAD2F-0199-4B40-9B2A-ACC9996BF9DD}.Release|Any CPU.Build.0 = Release|Any CPU
	EndGlobalSection
	GlobalSection(SolutionProperties) = preSolution
		HideSolutionNode = FALSE
	EndGlobalSection
	GlobalSection(ExtensibilityGlobals) = postSolution
		SolutionGuid = {36E07AD4-467D-4F12-B9FE-AC3403C4F543}
	EndGlobalSection
EndGlobal
